
Microsoft Visual Studio Solution File, Format Version 12.00
# Visual Studio Version 17
VisualStudioVersion = 17.13.35919.96
MinimumVisualStudioVersion = 10.0.40219.1
Project("{9A19103F-16F7-4668-BE54-9A1E7A4F7556}") = "Pg.Gba", "Pg.Gba\Pg.Gba.csproj", "{B058227C-70D6-440D-BEFD-38210B85A67F}"
EndProject
Global
	GlobalSection(SolutionConfigurationPlatforms) = preSolution
		Debug|Any CPU = Debug|Any CPU
		Release|Any CPU = Release|Any CPU
	EndGlobalSection
	GlobalSection(ProjectConfigurationPlatforms) = postSolution
		{B058227C-70D6-440D-BEFD-38210B85A67F}.Debug|Any CPU.ActiveCfg = Debug|Any CPU
		{B058227C-70D6-440D-BEFD-38210B85A67F}.Debug|Any CPU.Build.0 = Debug|Any CPU
		{B058227C-70D6-440D-BEFD-38210B85A67F}.Release|Any CPU.ActiveCfg = Release|Any CPU
		{B058227C-70D6-440D-BEFD-38210B85A67F}.Release|Any CPU.Build.0 = Release|Any CPU
	EndGlobalSection
	GlobalSection(SolutionProperties) = preSolution
		HideSolutionNode = FALSE
	EndGlobalSection
	GlobalSection(ExtensibilityGlobals) = postSolution
		SolutionGuid = {A72BCB67-0A16-4CC9-B61A-37D8EB634CBA}
	EndGlobalSection
EndGlobal
